
Microsoft Visual Studio Solution File, Format Version 12.00
# Visual Studio Version 17
VisualStudioVersion = 17.9.34701.34
MinimumVisualStudioVersion = 10.0.40219.1
Project("{FAE04EC0-301F-11D3-BF4B-00C04F79EFBC}") = "WhileExamp", "WhileExamp.csproj", "{A03F3E11-F3C4-49D5-8E54-278309921FFA}"
EndProject
Global
	GlobalSection(SolutionConfigurationPlatforms) = preSolution
		Debug|Any CPU = Debug|Any CPU
		Release|Any CPU = Release|Any CPU
	EndGlobalSection
	GlobalSection(ProjectConfigurationPlatforms) = postSolution
		{A03F3E11-F3C4-49D5-8E54-278309921FFA}.Debug|Any CPU.ActiveCfg = Debug|Any CPU
		{A03F3E11-F3C4-49D5-8E54-278309921FFA}.Debug|Any CPU.Build.0 = Debug|Any CPU
		{A03F3E11-F3C4-49D5-8E54-278309921FFA}.Release|Any CPU.ActiveCfg = Release|Any CPU
		{A03F3E11-F3C4-49D5-8E54-278309921FFA}.Release|Any CPU.Build.0 = Release|Any CPU
	EndGlobalSection
	GlobalSection(SolutionProperties) = preSolution
		HideSolutionNode = FALSE
	EndGlobalSection
	GlobalSection(ExtensibilityGlobals) = postSolution
		SolutionGuid = {67E01010-85AD-481A-93DD-5773FB894502}
	EndGlobalSection
EndGlobal
